
Microsoft Visual Studio Solution File, Format Version 12.00
# Visual Studio Version 17
VisualStudioVersion = 17.13.35825.156
MinimumVisualStudioVersion = 10.0.40219.1
Project("{FAE04EC0-301F-11D3-BF4B-00C04F79EFBC}") = "IHK_Model", "IHK_Model\IHK_Model.csproj", "{3CA31DD5-4330-4648-AA70-FB99848885BD}"
EndProject
Global
	GlobalSection(SolutionConfigurationPlatforms) = preSolution
		Debug|Any CPU = Debug|Any CPU
		Debug|x64 = Debug|x64
		Release|Any CPU = Release|Any CPU
		Release|x64 = Release|x64
	EndGlobalSection
	GlobalSection(ProjectConfigurationPlatforms) = postSolution
		{3CA31DD5-4330-4648-AA70-FB99848885BD}.Debug|Any CPU.ActiveCfg = Debug|Any CPU
		{3CA31DD5-4330-4648-AA70-FB99848885BD}.Debug|Any CPU.Build.0 = Debug|Any CPU
		{3CA31DD5-4330-4648-AA70-FB99848885BD}.Debug|x64.ActiveCfg = Debug|x64
		{3CA31DD5-4330-4648-AA70-FB99848885BD}.Debug|x64.Build.0 = Debug|x64
		{3CA31DD5-4330-4648-AA70-FB99848885BD}.Release|Any CPU.ActiveCfg = Release|Any CPU
		{3CA31DD5-4330-4648-AA70-FB99848885BD}.Release|Any CPU.Build.0 = Release|Any CPU
		{3CA31DD5-4330-4648-AA70-FB99848885BD}.Release|x64.ActiveCfg = Release|x64
		{3CA31DD5-4330-4648-AA70-FB99848885BD}.Release|x64.Build.0 = Release|x64
	EndGlobalSection
	GlobalSection(SolutionProperties) = preSolution
		HideSolutionNode = FALSE
	EndGlobalSection
	GlobalSection(ExtensibilityGlobals) = postSolution
		SolutionGuid = {4D821B57-4649-468B-9B7B-63E6C303A183}
	EndGlobalSection
EndGlobal
